# Generated by move; do not edit
# This file should be checked in.

[move]
version = 4

[pinned.mainnet.MoveStdlib]
source = { git = "https://github.com/MystenLabs/sui.git", subdir = "crates/sui-framework/packages/move-stdlib", rev = "2a0becb2fcc6989e492981104af67f62f2c9511a" }
use_environment = "mainnet"
manifest_digest = "C4FE4C91DE74CBF223B2E380AE40F592177D21870DC2D7EB6227D2D694E05363"
deps = {}

[pinned.mainnet.Sui]
source = { git = "https://github.com/MystenLabs/sui.git", subdir = "crates/sui-framework/packages/sui-framework", rev = "2a0becb2fcc6989e492981104af67f62f2c9511a" }
use_environment = "mainnet"
manifest_digest = "CD547CB1ACCE0880C835DAED2D8FFCB91D56C833AE5240D3AA5B918398263195"
deps = { MoveStdlib = "MoveStdlib" }

[pinned.mainnet.bps]
source = { git = "https://github.com/unconfirmedlabs/bps.git", subdir = ".", rev = "4ca1972a67d35c972ca567de7b08315e3778e52b" }
use_environment = "mainnet"
manifest_digest = "E41BBD67BE8940D26C79D78B028477EF5B33BA217A1282C78ACB344CF8A5ECF6"
deps = { std = "MoveStdlib", sui = "Sui" }

[pinned.mainnet.musicos]
source = { git = "https://github.com/misofm/musicos.git", subdir = ".", rev = "0b3eb07c9cb1af29c877b66cddfdcc9ef32fc721" }
use_environment = "mainnet"
manifest_digest = "DBE2FB0069657048BFEEFDB2055621037A1728291BAB4A0B3264E740B88B6FAE"
deps = { bps = "bps", std = "MoveStdlib", sui = "Sui" }

[pinned.mainnet.per_track]
source = { root = true }
use_environment = "mainnet"
manifest_digest = "253C82E6B5D7BBC207C691F55F77856B95C90FF9D996992C1DB46B9A3EE6B31B"
deps = { musicos = "musicos", std = "MoveStdlib", sui = "Sui" }

[pinned.testnet.MoveStdlib]
source = { git = "https://github.com/MystenLabs/sui.git", subdir = "crates/sui-framework/packages/move-stdlib", rev = "2a0becb2fcc6989e492981104af67f62f2c9511a" }
use_environment = "testnet"
manifest_digest = "C4FE4C91DE74CBF223B2E380AE40F592177D21870DC2D7EB6227D2D694E05363"
deps = {}

[pinned.testnet.Sui]
source = { git = "https://github.com/MystenLabs/sui.git", subdir = "crates/sui-framework/packages/sui-framework", rev = "2a0becb2fcc6989e492981104af67f62f2c9511a" }
use_environment = "testnet"
manifest_digest = "7AFB66695545775FBFBB2D3078ADFD084244D5002392E837FDE21D9EA1C6D01C"
deps = { MoveStdlib = "MoveStdlib" }

[pinned.testnet.bps]
source = { git = "https://github.com/unconfirmedlabs/bps.git", subdir = ".", rev = "4ca1972a67d35c972ca567de7b08315e3778e52b" }
use_environment = "testnet"
manifest_digest = "5745706258F61D6CE210904B3E6AE87A73CE9D31A6F93BE4718C442529332A87"
deps = { std = "MoveStdlib", sui = "Sui" }

[pinned.testnet.musicos]
source = { git = "https://github.com/misofm/musicos.git", subdir = ".", rev = "0b3eb07c9cb1af29c877b66cddfdcc9ef32fc721" }
use_environment = "testnet"
manifest_digest = "6E7BA1D967E023DCA4B0E7C02BCEDE557465C152250EF6CF4504780C1E9E3BE3"
deps = { bps = "bps", std = "MoveStdlib", sui = "Sui" }

[pinned.testnet.per_track]
source = { root = true }
use_environment = "testnet"
manifest_digest = "F346DC1261827BEEDB2217ABD6BDFCA2CFA1A37C1F43AC167C6C0677F5CFB2D1"
deps = { musicos = "musicos", std = "MoveStdlib", sui = "Sui" }
